
Microsoft Visual Studio Solution File, Format Version 12.00
# Visual Studio Version 17
VisualStudioVersion = 17.13.35825.156 d17.13
MinimumVisualStudioVersion = 10.0.40219.1
Project("{FAE04EC0-301F-11D3-BF4B-00C04F79EFBC}") = "zort", "zort.csproj", "{4DB8BEE4-A875-4A2F-8958-2EB87D27C499}"
EndProject
Global
	GlobalSection(SolutionConfigurationPlatforms) = preSolution
		Debug|Any CPU = Debug|Any CPU
		Release|Any CPU = Release|Any CPU
	EndGlobalSection
	GlobalSection(ProjectConfigurationPlatforms) = postSolution
		{4DB8BEE4-A875-4A2F-8958-2EB87D27C499}.Debug|Any CPU.ActiveCfg = Debug|Any CPU
		{4DB8BEE4-A875-4A2F-8958-2EB87D27C499}.Debug|Any CPU.Build.0 = Debug|Any CPU
		{4DB8BEE4-A875-4A2F-8958-2EB87D27C499}.Release|Any CPU.ActiveCfg = Release|Any CPU
		{4DB8BEE4-A875-4A2F-8958-2EB87D27C499}.Release|Any CPU.Build.0 = Release|Any CPU
	EndGlobalSection
	GlobalSection(SolutionProperties) = preSolution
		HideSolutionNode = FALSE
	EndGlobalSection
	GlobalSection(ExtensibilityGlobals) = postSolution
		SolutionGuid = {A124A19C-E050-468D-B665-95BE0B06BFA5}
	EndGlobalSection
EndGlobal
